PODS:
  - Alamofire (5.9.1)
  - LZNetwork (0.0.1):
    - Alamofire (~> 5.9.0)
    - Moya (~> 15.0.0)
  - Moya (15.0.0):
    - Moya/Core (= 15.0.0)
  - Moya/Core (15.0.0):
    - Alamofire (~> 5.0)

DEPENDENCIES:
  - LZNetwork (from `../`)

SPEC REPOS:
  trunk:
    - Alamofire
    - Moya

EXTERNAL SOURCES:
  LZNetwork:
    :path: "../"

SPEC CHECKSUMS:
  Alamofire: f36a35757af4587d8e4f4bfa223ad10be2422b8c
  LZNetwork: d24830110a761b08edb05762e1ea92e3dadfd5fb
  Moya: 138f0573e53411fb3dc17016add0b748dfbd78ee

PODFILE CHECKSUM: e6a147e5d9032b716cb032b091f05ef79f527de2

COCOAPODS: 1.15.2
